
Microsoft Visual Studio Solution File, Format Version 12.00
# Visual Studio Version 17
VisualStudioVersion = 17.0.31903.59
MinimumVisualStudioVersion = 10.0.40219.1
Project("{FAE04EC0-301F-11D3-BF4B-00C04F79EFBC}") = "demo", "demo.csproj", "{EED3C5CB-C932-4439-8998-DE23FBBC7AD9}"
EndProject
Project("{FAE04EC0-301F-11D3-BF4B-00C04F79EFBC}") = "demo.Entities", "..\demo.Entities\demo.Entities.csproj", "{87BD40BF-B4C7-4E5D-BF72-486E5EB37593}"
EndProject
Project("{FAE04EC0-301F-11D3-BF4B-00C04F79EFBC}") = "demo.Models", "..\demo.Models\demo.Models.csproj", "{E7E68649-6597-48EA-B198-316A74912E1F}"
EndProject
Project("{FAE04EC0-301F-11D3-BF4B-00C04F79EFBC}") = "demo.Repository", "..\demo.Repository\demo.Repository.csproj", "{F88E8E01-FB9E-491A-9C34-57085E65CA67}"
EndProject
Project("{FAE04EC0-301F-11D3-BF4B-00C04F79EFBC}") = "demo.Service", "..\demo.Service\demo.Service.csproj", "{F4AA4B7D-BB20-4839-A140-5BDB830F2E4F}"
EndProject
Global
	GlobalSection(SolutionConfigurationPlatforms) = preSolution
		Debug|Any CPU = Debug|Any CPU
		Release|Any CPU = Release|Any CPU
	EndGlobalSection
	GlobalSection(ProjectConfigurationPlatforms) = postSolution
		{EED3C5CB-C932-4439-8998-DE23FBBC7AD9}.Debug|Any CPU.ActiveCfg = Debug|Any CPU
		{EED3C5CB-C932-4439-8998-DE23FBBC7AD9}.Debug|Any CPU.Build.0 = Debug|Any CPU
		{EED3C5CB-C932-4439-8998-DE23FBBC7AD9}.Release|Any CPU.ActiveCfg = Release|Any CPU
		{EED3C5CB-C932-4439-8998-DE23FBBC7AD9}.Release|Any CPU.Build.0 = Release|Any CPU
		{87BD40BF-B4C7-4E5D-BF72-486E5EB37593}.Debug|Any CPU.ActiveCfg = Debug|Any CPU
		{87BD40BF-B4C7-4E5D-BF72-486E5EB37593}.Debug|Any CPU.Build.0 = Debug|Any CPU
		{87BD40BF-B4C7-4E5D-BF72-486E5EB37593}.Release|Any CPU.ActiveCfg = Release|Any CPU
		{87BD40BF-B4C7-4E5D-BF72-486E5EB37593}.Release|Any CPU.Build.0 = Release|Any CPU
		{E7E68649-6597-48EA-B198-316A74912E1F}.Debug|Any CPU.ActiveCfg = Debug|Any CPU
		{E7E68649-6597-48EA-B198-316A74912E1F}.Debug|Any CPU.Build.0 = Debug|Any CPU
		{E7E68649-6597-48EA-B198-316A74912E1F}.Release|Any CPU.ActiveCfg = Release|Any CPU
		{E7E68649-6597-48EA-B198-316A74912E1F}.Release|Any CPU.Build.0 = Release|Any CPU
		{F88E8E01-FB9E-491A-9C34-57085E65CA67}.Debug|Any CPU.ActiveCfg = Debug|Any CPU
		{F88E8E01-FB9E-491A-9C34-57085E65CA67}.Debug|Any CPU.Build.0 = Debug|Any CPU
		{F88E8E01-FB9E-491A-9C34-57085E65CA67}.Release|Any CPU.ActiveCfg = Release|Any CPU
		{F88E8E01-FB9E-491A-9C34-57085E65CA67}.Release|Any CPU.Build.0 = Release|Any CPU
		{F4AA4B7D-BB20-4839-A140-5BDB830F2E4F}.Debug|Any CPU.ActiveCfg = Debug|Any CPU
		{F4AA4B7D-BB20-4839-A140-5BDB830F2E4F}.Debug|Any CPU.Build.0 = Debug|Any CPU
		{F4AA4B7D-BB20-4839-A140-5BDB830F2E4F}.Release|Any CPU.ActiveCfg = Release|Any CPU
		{F4AA4B7D-BB20-4839-A140-5BDB830F2E4F}.Release|Any CPU.Build.0 = Release|Any CPU
	EndGlobalSection
	GlobalSection(SolutionProperties) = preSolution
		HideSolutionNode = FALSE
	EndGlobalSection
	GlobalSection(ExtensibilityGlobals) = postSolution
		SolutionGuid = {CC53AF99-91C1-43E7-ADF5-AB3C122F348D}
	EndGlobalSection
EndGlobal
